
Microsoft Visual Studio Solution File, Format Version 12.00
# Visual Studio Version 17
VisualStudioVersion = 17.9.34728.123
MinimumVisualStudioVersion = 10.0.40219.1
Project("{9A19103F-16F7-4668-BE54-9A1E7A4F7556}") = "TaskDeneme.WebApi", "TaskDeneme.WebApi\TaskDeneme.WebApi.csproj", "{954F6B4A-108A-495B-BE71-FF25EF52B84C}"
EndProject
Project("{9A19103F-16F7-4668-BE54-9A1E7A4F7556}") = "Application", "Application\Application.csproj", "{752FC21B-6724-4E9C-B597-DE0565F51860}"
EndProject
Project("{9A19103F-16F7-4668-BE54-9A1E7A4F7556}") = "Domain", "Domain\Domain.csproj", "{A10E588D-E6A8-42B7-8A20-1B3558F970D1}"
EndProject
Project("{9A19103F-16F7-4668-BE54-9A1E7A4F7556}") = "Persistance", "Persistance\Persistance.csproj", "{F165EA60-A505-4C63-A882-4D3263046631}"
EndProject
Project("{FAE04EC0-301F-11D3-BF4B-00C04F79EFBC}") = "Presentation", "Presentation\Presentation.csproj", "{40D31174-77D8-47F1-9C3E-755400FB9655}"
EndProject
Global
	GlobalSection(SolutionConfigurationPlatforms) = preSolution
		Debug|Any CPU = Debug|Any CPU
		Release|Any CPU = Release|Any CPU
	EndGlobalSection
	GlobalSection(ProjectConfigurationPlatforms) = postSolution
		{954F6B4A-108A-495B-BE71-FF25EF52B84C}.Debug|Any CPU.ActiveCfg = Debug|Any CPU
		{954F6B4A-108A-495B-BE71-FF25EF52B84C}.Debug|Any CPU.Build.0 = Debug|Any CPU
		{954F6B4A-108A-495B-BE71-FF25EF52B84C}.Release|Any CPU.ActiveCfg = Release|Any CPU
		{954F6B4A-108A-495B-BE71-FF25EF52B84C}.Release|Any CPU.Build.0 = Release|Any CPU
		{752FC21B-6724-4E9C-B597-DE0565F51860}.Debug|Any CPU.ActiveCfg = Debug|Any CPU
		{752FC21B-6724-4E9C-B597-DE0565F51860}.Debug|Any CPU.Build.0 = Debug|Any CPU
		{752FC21B-6724-4E9C-B597-DE0565F51860}.Release|Any CPU.ActiveCfg = Release|Any CPU
		{752FC21B-6724-4E9C-B597-DE0565F51860}.Release|Any CPU.Build.0 = Release|Any CPU
		{A10E588D-E6A8-42B7-8A20-1B3558F970D1}.Debug|Any CPU.ActiveCfg = Debug|Any CPU
		{A10E588D-E6A8-42B7-8A20-1B3558F970D1}.Debug|Any CPU.Build.0 = Debug|Any CPU
		{A10E588D-E6A8-42B7-8A20-1B3558F970D1}.Release|Any CPU.ActiveCfg = Release|Any CPU
		{A10E588D-E6A8-42B7-8A20-1B3558F970D1}.Release|Any CPU.Build.0 = Release|Any CPU
		{F165EA60-A505-4C63-A882-4D3263046631}.Debug|Any CPU.ActiveCfg = Debug|Any CPU
		{F165EA60-A505-4C63-A882-4D3263046631}.Debug|Any CPU.Build.0 = Debug|Any CPU
		{F165EA60-A505-4C63-A882-4D3263046631}.Release|Any CPU.ActiveCfg = Release|Any CPU
		{F165EA60-A505-4C63-A882-4D3263046631}.Release|Any CPU.Build.0 = Release|Any CPU
		{40D31174-77D8-47F1-9C3E-755400FB9655}.Debug|Any CPU.ActiveCfg = Debug|Any CPU
		{40D31174-77D8-47F1-9C3E-755400FB9655}.Debug|Any CPU.Build.0 = Debug|Any CPU
		{40D31174-77D8-47F1-9C3E-755400FB9655}.Release|Any CPU.ActiveCfg = Release|Any CPU
		{40D31174-77D8-47F1-9C3E-755400FB9655}.Release|Any CPU.Build.0 = Release|Any CPU
	EndGlobalSection
	GlobalSection(SolutionProperties) = preSolution
		HideSolutionNode = FALSE
	EndGlobalSection
	GlobalSection(ExtensibilityGlobals) = postSolution
		SolutionGuid = {14F49555-1DDA-4CF4-A616-8C3FF651825E}
	EndGlobalSection
EndGlobal
